
Microsoft Visual Studio Solution File, Format Version 12.00
# Visual Studio Version 17
VisualStudioVersion = 17.2.32519.379
MinimumVisualStudioVersion = 10.0.40219.1
Project("{FAE04EC0-301F-11D3-BF4B-00C04F79EFBC}") = "pigpio", "pigpio\pigpio.csproj", "{9429075B-54FA-4CFD-AD32-0723222FD2D8}"
EndProject
Global
	GlobalSection(SolutionConfigurationPlatforms) = preSolution
		Debug|Any CPU = Debug|Any CPU
		Release|Any CPU = Release|Any CPU
	EndGlobalSection
	GlobalSection(ProjectConfigurationPlatforms) = postSolution
		{9429075B-54FA-4CFD-AD32-0723222FD2D8}.Debug|Any CPU.ActiveCfg = Debug|Any CPU
		{9429075B-54FA-4CFD-AD32-0723222FD2D8}.Debug|Any CPU.Build.0 = Debug|Any CPU
		{9429075B-54FA-4CFD-AD32-0723222FD2D8}.Release|Any CPU.ActiveCfg = Release|Any CPU
		{9429075B-54FA-4CFD-AD32-0723222FD2D8}.Release|Any CPU.Build.0 = Release|Any CPU
	EndGlobalSection
	GlobalSection(SolutionProperties) = preSolution
		HideSolutionNode = FALSE
	EndGlobalSection
	GlobalSection(ExtensibilityGlobals) = postSolution
		SolutionGuid = {4C3FB5F7-6B95-4E17-A1DE-3CACB34325AB}
	EndGlobalSection
EndGlobal
